
Microsoft Visual Studio Solution File, Format Version 11.00
# Visual Studio 2010
Project("{FAE04EC0-301F-11D3-BF4B-00C04F79EFBC}") = "Assimilation Simulator", "Assembly-CSharp.csproj", "{ABB71C34-0B29-110C-5075-520FA262240E}"
EndProject
Global
	GlobalSection(SolutionConfigurationPlatforms) = preSolution
		Debug|Any CPU = Debug|Any CPU
		Release|Any CPU = Release|Any CPU
	EndGlobalSection
	GlobalSection(ProjectConfigurationPlatforms) = postSolution
		{ABB71C34-0B29-110C-5075-520FA262240E}.Debug|Any CPU.ActiveCfg = Debug|Any CPU
		{ABB71C34-0B29-110C-5075-520FA262240E}.Debug|Any CPU.Build.0 = Debug|Any CPU
		{ABB71C34-0B29-110C-5075-520FA262240E}.Release|Any CPU.ActiveCfg = Release|Any CPU
		{ABB71C34-0B29-110C-5075-520FA262240E}.Release|Any CPU.Build.0 = Release|Any CPU
	EndGlobalSection
	GlobalSection(SolutionProperties) = preSolution
		HideSolutionNode = FALSE
	EndGlobalSection
	GlobalSection(MonoDevelopProperties) = preSolution
		StartupItem = Assembly-CSharp.csproj
	EndGlobalSection
EndGlobal
